
Microsoft Visual Studio Solution File, Format Version 12.00
# Visual Studio Version 17
VisualStudioVersion = 17.1.32328.378
MinimumVisualStudioVersion = 10.0.40219.1
Project("{FAE04EC0-301F-11D3-BF4B-00C04F79EFBC}") = "ProvaKatia", "ProvaKatia\ProvaKatia.csproj", "{F070A000-9514-4A11-A0E8-A03331CFE29B}"
EndProject
Global
	GlobalSection(SolutionConfigurationPlatforms) = preSolution
		Debug|Any CPU = Debug|Any CPU
		Release|Any CPU = Release|Any CPU
	EndGlobalSection
	GlobalSection(ProjectConfigurationPlatforms) = postSolution
		{F070A000-9514-4A11-A0E8-A03331CFE29B}.Debug|Any CPU.ActiveCfg = Debug|Any CPU
		{F070A000-9514-4A11-A0E8-A03331CFE29B}.Debug|Any CPU.Build.0 = Debug|Any CPU
		{F070A000-9514-4A11-A0E8-A03331CFE29B}.Release|Any CPU.ActiveCfg = Release|Any CPU
		{F070A000-9514-4A11-A0E8-A03331CFE29B}.Release|Any CPU.Build.0 = Release|Any CPU
	EndGlobalSection
	GlobalSection(SolutionProperties) = preSolution
		HideSolutionNode = FALSE
	EndGlobalSection
	GlobalSection(ExtensibilityGlobals) = postSolution
		SolutionGuid = {E645D934-8178-47A6-9447-4E9BCFAA95BF}
	EndGlobalSection
EndGlobal
